// !$*UTF8*$!
{
	archiveVersion = 1;
	classes = {
	};
	objectVersion = 46;
	objects = {

/* Begin PBXBuildFile section */
		5717CAC01ECEC81A005DCD58 /* AppDelegate.swift in Sources */ = {isa = PBXBuildFile; fileRef = 5717CABF1ECEC81A005DCD58 /* AppDelegate.swift */; };
		5717CAC21ECEC81A005DCD58 /* ViewController.swift in Sources */ = {isa = PBXBuildFile; fileRef = 5717CAC11ECEC81A005DCD58 /* ViewController.swift */; };
		5717CAC51ECEC81A005DCD58 /* Main.storyboard in Resources */ = {isa = PBXBuildFile; fileRef = 5717CAC31ECEC81A005DCD58 /* Main.storyboard */; };
		5717CAC71ECEC81A005DCD58 /* Assets.xcassets in Resources */ = {isa = PBXBuildFile; fileRef = 5717CAC61ECEC81A005DCD58 /* Assets.xcassets */; };
		5717CACA1ECEC81A005DCD58 /* LaunchScreen.storyboard in Resources */ = {isa = PBXBuildFile; fileRef = 5717CAC81ECEC81A005DCD58 /* LaunchScreen.storyboard */; };
		5717CAD51ECEC81A005DCD58 /* CardAnimateVFTests.swift in Sources */ = {isa = PBXBuildFile; fileRef = 5717CAD41ECEC81A005DCD58 /* CardAnimateVFTests.swift */; };
		5717CAE01ECEC81A005DCD58 /* CardAnimateVFUITests.swift in Sources */ = {isa = PBXBuildFile; fileRef = 5717CADF1ECEC81A005DCD58 /* CardAnimateVFUITests.swift */; };
/* End PBXBuildFile section */

/* Begin PBXContainerItemProxy section */
		5717CAD11ECEC81A005DCD58 /* PBXContainerItemProxy */ = {
			isa = PBXContainerItemProxy;
			containerPortal = 5717CAB41ECEC81A005DCD58 /* Project object */;
			proxyType = 1;
			remoteGlobalIDString = 5717CABB1ECEC81A005DCD58;
			remoteInfo = CardAnimateVF;
		};
		5717CADC1ECEC81A005DCD58 /* PBXContainerItemProxy */ = {
			isa = PBXContainerItemProxy;
			containerPortal = 5717CAB41ECEC81A005DCD58 /* Project object */;
			proxyType = 1;
			remoteGlobalIDString = 5717CABB1ECEC81A005DCD58;
			remoteInfo = CardAnimateVF;
		};
/* End PBXContainerItemProxy section */

/* Begin PBXFileReference section */
		5717CABC1ECEC81A005DCD58 /* CardAnimateVF.app */ = {isa = PBXFileReference; explicitFileType = wrapper.application; includeInIndex = 0; path = CardAnimateVF.app; sourceTree = BUILT_PRODUCTS_DIR; };
		5717CABF1ECEC81A005DCD58 /* AppDelegate.swift */ = {isa = PBXFileReference; lastKnownFileType = sourcecode.swift; path = AppDelegate.swift; sourceTree = "<group>"; };
		5717CAC11ECEC81A005DCD58 /* ViewController.swift */ = {isa = PBXFileReference; lastKnownFileType = sourcecode.swift; path = ViewController.swift; sourceTree = "<group>"; };
		5717CAC41ECEC81A005DCD58 /* Base */ = {isa = PBXFileReference; lastKnownFileType = file.storyboard; name = Base; path = Base.lproj/Main.storyboard; sourceTree = "<group>"; };
		5717CAC61ECEC81A005DCD58 /* Assets.xcassets */ = {isa = PBXFileReference; lastKnownFileType = folder.assetcatalog; path = Assets.xcassets; sourceTree = "<group>"; };
		5717CAC91ECEC81A005DCD58 /* Base */ = {isa = PBXFileReference; lastKnownFileType = file.storyboard; name = Base; path = Base.lproj/LaunchScreen.storyboard; sourceTree = "<group>"; };
		5717CACB1ECEC81A005DCD58 /* Info.plist */ = {isa = PBXFileReference; lastKnownFileType = text.plist.xml; path = Info.plist; sourceTree = "<group>"; };
		5717CAD01ECEC81A005DCD58 /* CardAnimateVFTests.xctest */ = {isa = PBXFileReference; explicitFileType = wrapper.cfbundle; includeInIndex = 0; path = CardAnimateVFTests.xctest; sourceTree = BUILT_PRODUCTS_DIR; };
		5717CAD41ECEC81A005DCD58 /* CardAnimateVFTests.swift */ = {isa = PBXFileReference; lastKnownFileType = sourcecode.swift; path = CardAnimateVFTests.swift; sourceTree = "<group>"; };
		5717CAD61ECEC81A005DCD58 /* Info.plist */ = {isa = PBXFileReference; lastKnownFileType = text.plist.xml; path = Info.plist; sourceTree = "<group>"; };
		5717CADB1ECEC81A005DCD58 /* CardAnimateVFUITests.xctest */ = {isa = PBXFileReference; explicitFileType = wrapper.cfbundle; includeInIndex = 0; path = CardAnimateVFUITests.xctest; sourceTree = BUILT_PRODUCTS_DIR; };
		5717CADF1ECEC81A005DCD58 /* CardAnimateVFUITests.swift */ = {isa = PBXFileReference; lastKnownFileType = sourcecode.swift; path = CardAnimateVFUITests.swift; sourceTree = "<group>"; };
		5717CAE11ECEC81A005DCD58 /* Info.plist */ = {isa = PBXFileReference; lastKnownFileType = text.plist.xml; path = Info.plist; sourceTree = "<group>"; };
/* End PBXFileReference section */

/* Begin PBXFrameworksBuildPhase section */
		5717CAB91ECEC81A005DCD58 /* Frameworks */ = {
			isa = PBXFrameworksBuildPhase;
			buildActionMask = 2147483647;
			files = (
			);
			runOnlyForDeploymentPostprocessing = 0;
		};
		5717CACD1ECEC81A005DCD58 /* Frameworks */ = {
			isa = PBXFrameworksBuildPhase;
			buildActionMask = 2147483647;
			files = (
			);
			runOnlyForDeploymentPostprocessing = 0;
		};
		5717CAD81ECEC81A005DCD58 /* Frameworks */ = {
			isa = PBXFrameworksBuildPhase;
			buildActionMask = 2147483647;
			files = (
			);
			runOnlyForDeploymentPostprocessing = 0;
		};
/* End PBXFrameworksBuildPhase section */

/* Begin PBXGroup section */
		5717CAB31ECEC81A005DCD58 = {
			isa = PBXGroup;
			children = (
				5717CABE1ECEC81A005DCD58 /* CardAnimateVF */,
				5717CAD31ECEC81A005DCD58 /* CardAnimateVFTests */,
				5717CADE1ECEC81A005DCD58 /* CardAnimateVFUITests */,
				5717CABD1ECEC81A005DCD58 /* Products */,
			);
			sourceTree = "<group>";
		};
		5717CABD1ECEC81A005DCD58 /* Products */ = {
			isa = PBXGroup;
			children = (
				5717CABC1ECEC81A005DCD58 /* CardAnimateVF.app */,
				5717CAD01ECEC81A005DCD58 /* CardAnimateVFTests.xctest */,
				5717CADB1ECEC81A005DCD58 /* CardAnimateVFUITests.xctest */,
			);
			name = Products;
			sourceTree = "<group>";
		};
		5717CABE1ECEC81A005DCD58 /* CardAnimateVF */ = {
			isa = PBXGroup;
			children = (
				5717CABF1ECEC81A005DCD58 /* AppDelegate.swift */,
				5717CAC11ECEC81A005DCD58 /* ViewController.swift */,
				5717CAC31ECEC81A005DCD58 /* Main.storyboard */,
				5717CAC61ECEC81A005DCD58 /* Assets.xcassets */,
				5717CAC81ECEC81A005DCD58 /* LaunchScreen.storyboard */,
				5717CACB1ECEC81A005DCD58 /* Info.plist */,
			);
			path = CardAnimateVF;
			sourceTree = "<group>";
		};
		5717CAD31ECEC81A005DCD58 /* CardAnimateVFTests */ = {
			isa = PBXGroup;
			children = (
				5717CAD41ECEC81A005DCD58 /* CardAnimateVFTests.swift */,
				5717CAD61ECEC81A005DCD58 /* Info.plist */,
			);
			path = CardAnimateVFTests;
			sourceTree = "<group>";
		};
		5717CADE1ECEC81A005DCD58 /* CardAnimateVFUITests */ = {
			isa = PBXGroup;
			children = (
				5717CADF1ECEC81A005DCD58 /* CardAnimateVFUITests.swift */,
				5717CAE11ECEC81A005DCD58 /* Info.plist */,
			);
			path = CardAnimateVFUITests;
			sourceTree = "<group>";
		};
/* End PBXGroup section */

/* Begin PBXNativeTarget section */
		5717CABB1ECEC81A005DCD58 /* CardAnimateVF */ = {
			isa = PBXNativeTarget;
			buildConfigurationList = 5717CAE41ECEC81A005DCD58 /* Build configuration list for PBXNativeTarget "CardAnimateVF" */;
			buildPhases = (
				5717CAB81ECEC81A005DCD58 /* Sources */,
				5717CAB91ECEC81A005DCD58 /* Frameworks */,
				5717CABA1ECEC81A005DCD58 /* Resources */,
			);
			buildRules = (
			);
			dependencies = (
			);
			name = CardAnimateVF;
			productName = CardAnimateVF;
			productReference = 5717CABC1ECEC81A005DCD58 /* CardAnimateVF.app */;
			productType = "com.apple.product-type.application";
		};
		5717CACF1ECEC81A005DCD58 /* CardAnimateVFTests */ = {
			isa = PBXNativeTarget;
			buildConfigurationList = 5717CAE71ECEC81A005DCD58 /* Build configuration list for PBXNativeTarget "CardAnimateVFTests" */;
			buildPhases = (
				5717CACC1ECEC81A005DCD58 /* Sources */,
				5717CACD1ECEC81A005DCD58 /* Frameworks */,
				5717CACE1ECEC81A005DCD58 /* Resources */,
			);
			buildRules = (
			);
			dependencies = (
				5717CAD21ECEC81A005DCD58 /* PBXTargetDependency */,
			);
			name = CardAnimateVFTests;
			productName = CardAnimateVFTests;
			productReference = 5717CAD01ECEC81A005DCD58 /* CardAnimateVFTests.xctest */;
			productType = "com.apple.product-type.bundle.unit-test";
		};
		5717CADA1ECEC81A005DCD58 /* CardAnimateVFUITests */ = {
			isa = PBXNativeTarget;
			buildConfigurationList = 5717CAEA1ECEC81A005DCD58 /* Build configuration list for PBXNativeTarget "CardAnimateVFUITests" */;
			buildPhases = (
				5717CAD71ECEC81A005DCD58 /* Sources */,
				5717CAD81ECEC81A005DCD58 /* Frameworks */,
				5717CAD91ECEC81A005DCD58 /* Resources */,
			);
			buildRules = (
			);
			dependencies = (
				5717CADD1ECEC81A005DCD58 /* PBXTargetDependency */,
			);
			name = CardAnimateVFUITests;
			productName = CardAnimateVFUITests;
			productReference = 5717CADB1ECEC81A005DCD58 /* CardAnimateVFUITests.xctest */;
			productType = "com.apple.product-type.bundle.ui-testing";
		};
/* End PBXNativeTarget section */

/* Begin PBXProject section */
		5717CAB41ECEC81A005DCD58 /* Project object */ = {
			isa = PBXProject;
			attributes = {
				LastSwiftUpdateCheck = 0830;
				LastUpgradeCheck = 0830;
				ORGANIZATIONNAME = Azcatl;
				TargetAttributes = {
					5717CABB1ECEC81A005DCD58 = {
						CreatedOnToolsVersion = 8.3.2;
						ProvisioningStyle = Automatic;
					};
					5717CACF1ECEC81A005DCD58 = {
						CreatedOnToolsVersion = 8.3.2;
						ProvisioningStyle = Automatic;
						TestTargetID = 5717CABB1ECEC81A005DCD58;
					};
					5717CADA1ECEC81A005DCD58 = {
						CreatedOnToolsVersion = 8.3.2;
						ProvisioningStyle = Automatic;
						TestTargetID = 5717CABB1ECEC81A005DCD58;
					};
				};
			};
			buildConfigurationList = 5717CAB71ECEC81A005DCD58 /* Build configuration list for PBXProject "CardAnimateVF" */;
			compatibilityVersion = "Xcode 3.2";
			developmentRegion = English;
			hasScannedForEncodings = 0;
			knownRegions = (
				en,
				Base,
			);
			mainGroup = 5717CAB31ECEC81A005DCD58;
			productRefGroup = 5717CABD1ECEC81A005DCD58 /* Products */;
			projectDirPath = "";
			projectRoot = "";
			targets = (
				5717CABB1ECEC81A005DCD58 /* CardAnimateVF */,
				5717CACF1ECEC81A005DCD58 /* CardAnimateVFTests */,
				5717CADA1ECEC81A005DCD58 /* CardAnimateVFUITests */,
			);
		};
/* End PBXProject section */

/* Begin PBXResourcesBuildPhase section */
		5717CABA1ECEC81A005DCD58 /* Resources */ = {
			isa = PBXResourcesBuildPhase;
			buildActionMask = 2147483647;
			files = (
				5717CACA1ECEC81A005DCD58 /* LaunchScreen.storyboard in Resources */,
				5717CAC71ECEC81A005DCD58 /* Assets.xcassets in Resources */,
				5717CAC51ECEC81A005DCD58 /* Main.storyboard in Resources */,
			);
			runOnlyForDeploymentPostprocessing = 0;
		};
		5717CACE1ECEC81A005DCD58 /* Resources */ = {
			isa = PBXResourcesBuildPhase;
			buildActionMask = 2147483647;
			files = (
			);
			runOnlyForDeploymentPostprocessing = 0;
		};
		5717CAD91ECEC81A005DCD58 /* Resources */ = {
			isa = PBXResourcesBuildPhase;
			buildActionMask = 2147483647;
			files = (
			);
			runOnlyForDeploymentPostprocessing = 0;
		};
/* End PBXResourcesBuildPhase section */

/* Begin PBXSourcesBuildPhase section */
		5717CAB81ECEC81A005DCD58 /* Sources */ = {
			isa = PBXSourcesBuildPhase;
			buildActionMask = 2147483647;
			files = (
				5717CAC21ECEC81A005DCD58 /* ViewController.swift in Sources */,
				5717CAC01ECEC81A005DCD58 /* AppDelegate.swift in Sources */,
			);
			runOnlyForDeploymentPostprocessing = 0;
		};
		5717CACC1ECEC81A005DCD58 /* Sources */ = {
			isa = PBXSourcesBuildPhase;
			buildActionMask = 2147483647;
			files = (
				5717CAD51ECEC81A005DCD58 /* CardAnimateVFTests.swift in Sources */,
			);
			runOnlyForDeploymentPostprocessing = 0;
		};
		5717CAD71ECEC81A005DCD58 /* Sources */ = {
			isa = PBXSourcesBuildPhase;
			buildActionMask = 2147483647;
			files = (
				5717CAE01ECEC81A005DCD58 /* CardAnimateVFUITests.swift in Sources */,
			);
			runOnlyForDeploymentPostprocessing = 0;
		};
/* End PBXSourcesBuildPhase section */

/* Begin PBXTargetDependency section */
		5717CAD21ECEC81A005DCD58 /* PBXTargetDependency */ = {
			isa = PBXTargetDependency;
			target = 5717CABB1ECEC81A005DCD58 /* CardAnimateVF */;
			targetProxy = 5717CAD11ECEC81A005DCD58 /* PBXContainerItemProxy */;
		};
		5717CADD1ECEC81A005DCD58 /* PBXTargetDependency */ = {
			isa = PBXTargetDependency;
			target = 5717CABB1ECEC81A005DCD58 /* CardAnimateVF */;
			targetProxy = 5717CADC1ECEC81A005DCD58 /* PBXContainerItemProxy */;
		};
/* End PBXTargetDependency section */

/* Begin PBXVariantGroup section */
		5717CAC31ECEC81A005DCD58 /* Main.storyboard */ = {
			isa = PBXVariantGroup;
			children = (
				5717CAC41ECEC81A005DCD58 /* Base */,
			);
			name = Main.storyboard;
			sourceTree = "<group>";
		};
		5717CAC81ECEC81A005DCD58 /* LaunchScreen.storyboard */ = {
			isa = PBXVariantGroup;
			children = (
				5717CAC91ECEC81A005DCD58 /* Base */,
			);
			name = LaunchScreen.storyboard;
			sourceTree = "<group>";
		};
/* End PBXVariantGroup section */

/* Begin XCBuildConfiguration section */
		5717CAE21ECEC81A005DCD58 /* Debug */ = {
			isa = XCBuildConfiguration;
			buildSettings = {
				ALWAYS_SEARCH_USER_PATHS = NO;
				CLANG_ANALYZER_NONNULL = YES;
				CLANG_ANALYZER_NUMBER_OBJECT_CONVERSION = YES_AGGRESSIVE;
				CLANG_CXX_LANGUAGE_STANDARD = "gnu++0x";
				CLANG_CXX_LIBRARY = "libc++";
				CLANG_ENABLE_MODULES = YES;
				CLANG_ENABLE_OBJC_ARC = YES;
				CLANG_WARN_BOOL_CONVERSION = YES;
				CLANG_WARN_CONSTANT_CONVERSION = YES;
				CLANG_WARN_DIRECT_OBJC_ISA_USAGE = YES_ERROR;
				CLANG_WARN_DOCUMENTATION_COMMENTS = YES;
				CLANG_WARN_EMPTY_BODY = YES;
				CLANG_WARN_ENUM_CONVERSION = YES;
				CLANG_WARN_INFINITE_RECURSION = YES;
				CLANG_WARN_INT_CONVERSION = YES;
				CLANG_WARN_OBJC_ROOT_CLASS = YES_ERROR;
				CLANG_WARN_SUSPICIOUS_MOVE = YES;
				CLANG_WARN_UNREACHABLE_CODE = YES;
				CLANG_WARN__DUPLICATE_METHOD_MATCH = YES;
				"CODE_SIGN_IDENTITY[sdk=iphoneos*]" = "iPhone Developer";
				COPY_PHASE_STRIP = NO;
				DEBUG_INFORMATION_FORMAT = dwarf;
				ENABLE_STRICT_OBJC_MSGSEND = YES;
				ENABLE_TESTABILITY = YES;
				GCC_C_LANGUAGE_STANDARD = gnu99;
				GCC_DYNAMIC_NO_PIC = NO;
				GCC_NO_COMMON_BLOCKS = YES;
				GCC_OPTIMIZATION_LEVEL = 0;
				GCC_PREPROCESSOR_DEFINITIONS = (
					"DEBUG=1",
					"$(inherited)",
				);
				GCC_WARN_64_TO_32_BIT_CONVERSION = YES;
				GCC_WARN_ABOUT_RETURN_TYPE = YES_ERROR;
				GCC_WARN_UNDECLARED_SELECTOR = YES;
				GCC_WARN_UNINITIALIZED_AUTOS = YES_AGGRESSIVE;
				GCC_WARN_UNUSED_FUNCTION = YES;
				GCC_WARN_UNUSED_VARIABLE = YES;
				IPHONEOS_DEPLOYMENT_TARGET = 10.3;
				MTL_ENABLE_DEBUG_INFO = YES;
				ONLY_ACTIVE_ARCH = YES;
				SDKROOT = iphoneos;
				SWIFT_ACTIVE_COMPILATION_CONDITIONS = DEBUG;
				SWIFT_OPTIMIZATION_LEVEL = "-Onone";
				TARGETED_DEVICE_FAMILY = "1,2";
			};
			name = Debug;
		};
		5717CAE31ECEC81A005DCD58 /* Release */ = {
			isa = XCBuildConfiguration;
			buildSettings = {
				ALWAYS_SEARCH_USER_PATHS = NO;
				CLANG_ANALYZER_NONNULL = YES;
				CLANG_ANALYZER_NUMBER_OBJECT_CONVERSION = YES_AGGRESSIVE;
				CLANG_CXX_LANGUAGE_STANDARD = "gnu++0x";
				CLANG_CXX_LIBRARY = "libc++";
				CLANG_ENABLE_MODULES = YES;
				CLANG_ENABLE_OBJC_ARC = YES;
				CLANG_WARN_BOOL_CONVERSION = YES;
				CLANG_WARN_CONSTANT_CONVERSION = YES;
				CLANG_WARN_DIRECT_OBJC_ISA_USAGE = YES_ERROR;
				CLANG_WARN_DOCUMENTATION_COMMENTS = YES;
				CLANG_WARN_EMPTY_BODY = YES;
				CLANG_WARN_ENUM_CONVERSION = YES;
				CLANG_WARN_INFINITE_RECURSION = YES;
				CLANG_WARN_INT_CONVERSION = YES;
				CLANG_WARN_OBJC_ROOT_CLASS = YES_ERROR;
				CLANG_WARN_SUSPICIOUS_MOVE = YES;
				CLANG_WARN_UNREACHABLE_CODE = YES;
				CLANG_WARN__DUPLICATE_METHOD_MATCH = YES;
				"CODE_SIGN_IDENTITY[sdk=iphoneos*]" = "iPhone Developer";
				COPY_PHASE_STRIP = NO;
				DEBUG_INFORMATION_FORMAT = "dwarf-with-dsym";
				ENABLE_NS_ASSERTIONS = NO;
				ENABLE_STRICT_OBJC_MSGSEND = YES;
				GCC_C_LANGUAGE_STANDARD = gnu99;
				GCC_NO_COMMON_BLOCKS = YES;
				GCC_WARN_64_TO_32_BIT_CONVERSION = YES;
				GCC_WARN_ABOUT_RETURN_TYPE = YES_ERROR;
				GCC_WARN_UNDECLARED_SELECTOR = YES;
				GCC_WARN_UNINITIALIZED_AUTOS = YES_AGGRESSIVE;
				GCC_WARN_UNUSED_FUNCTION = YES;
				GCC_WARN_UNUSED_VARIABLE = YES;
				IPHONEOS_DEPLOYMENT_TARGET = 10.3;
				MTL_ENABLE_DEBUG_INFO = NO;
				SDKROOT = iphoneos;
				SWIFT_OPTIMIZATION_LEVEL = "-Owholemodule";
				TARGETED_DEVICE_FAMILY = "1,2";
				VALIDATE_PRODUCT = YES;
			};
			name = Release;
		};
		5717CAE51ECEC81A005DCD58 /* Debug */ = {
			isa = XCBuildConfiguration;
			buildSettings = {
				ASSETCATALOG_COMPILER_APPICON_NAME = AppIcon;
				INFOPLIST_FILE = CardAnimateVF/Info.plist;
				LD_RUNPATH_SEARCH_PATHS = "$(inherited) @executable_path/Frameworks";
				PRODUCT_BUNDLE_IDENTIFIER = com.Azcatl.AnimacionTab.CardAnimateVF;
				PRODUCT_NAME = "$(TARGET_NAME)";
				SWIFT_VERSION = 3.0;
			};
			name = Debug;
		};
		5717CAE61ECEC81A005DCD58 /* Release */ = {
			isa = XCBuildConfiguration;
			buildSettings = {
				ASSETCATALOG_COMPILER_APPICON_NAME = AppIcon;
				INFOPLIST_FILE = CardAnimateVF/Info.plist;
				LD_RUNPATH_SEARCH_PATHS = "$(inherited) @executable_path/Frameworks";
				PRODUCT_BUNDLE_IDENTIFIER = com.Azcatl.AnimacionTab.CardAnimateVF;
				PRODUCT_NAME = "$(TARGET_NAME)";
				SWIFT_VERSION = 3.0;
			};
			name = Release;
		};
		5717CAE81ECEC81A005DCD58 /* Debug */ = {
			isa = XCBuildConfiguration;
			buildSettings = {
				ALWAYS_EMBED_SWIFT_STANDARD_LIBRARIES = YES;
				BUNDLE_LOADER = "$(TEST_HOST)";
				INFOPLIST_FILE = CardAnimateVFTests/Info.plist;
				LD_RUNPATH_SEARCH_PATHS = "$(inherited) @executable_path/Frameworks @loader_path/Frameworks";
				PRODUCT_BUNDLE_IDENTIFIER = com.Azcatl.AnimacionTab.CardAnimateVFTests;
				PRODUCT_NAME = "$(TARGET_NAME)";
				SWIFT_VERSION = 3.0;
				TEST_HOST = "$(BUILT_PRODUCTS_DIR)/CardAnimateVF.app/CardAnimateVF";
			};
			name = Debug;
		};
		5717CAE91ECEC81A005DCD58 /* Release */ = {
			isa = XCBuildConfiguration;
			buildSettings = {
				ALWAYS_EMBED_SWIFT_STANDARD_LIBRARIES = YES;
				BUNDLE_LOADER = "$(TEST_HOST)";
				INFOPLIST_FILE = CardAnimateVFTests/Info.plist;
				LD_RUNPATH_SEARCH_PATHS = "$(inherited) @executable_path/Frameworks @loader_path/Frameworks";
				PRODUCT_BUNDLE_IDENTIFIER = com.Azcatl.AnimacionTab.CardAnimateVFTests;
				PRODUCT_NAME = "$(TARGET_NAME)";
				SWIFT_VERSION = 3.0;
				TEST_HOST = "$(BUILT_PRODUCTS_DIR)/CardAnimateVF.app/CardAnimateVF";
			};
			name = Release;
		};
		5717CAEB1ECEC81A005DCD58 /* Debug */ = {
			isa = XCBuildConfiguration;
			buildSettings = {
				ALWAYS_EMBED_SWIFT_STANDARD_LIBRARIES = YES;
				INFOPLIST_FILE = CardAnimateVFUITests/Info.plist;
				LD_RUNPATH_SEARCH_PATHS = "$(inherited) @executable_path/Frameworks @loader_path/Frameworks";
				PRODUCT_BUNDLE_IDENTIFIER = com.Azcatl.AnimacionTab.CardAnimateVFUITests;
				PRODUCT_NAME = "$(TARGET_NAME)";
				SWIFT_VERSION = 3.0;
				TEST_TARGET_NAME = CardAnimateVF;
			};
			name = Debug;
		};
		5717CAEC1ECEC81A005DCD58 /* Release */ = {
			isa = XCBuildConfiguration;
			buildSettings = {
				ALWAYS_EMBED_SWIFT_STANDARD_LIBRARIES = YES;
				INFOPLIST_FILE = CardAnimateVFUITests/Info.plist;
				LD_RUNPATH_SEARCH_PATHS = "$(inherited) @executable_path/Frameworks @loader_path/Frameworks";
				PRODUCT_BUNDLE_IDENTIFIER = com.Azcatl.AnimacionTab.CardAnimateVFUITests;
				PRODUCT_NAME = "$(TARGET_NAME)";
				SWIFT_VERSION = 3.0;
				TEST_TARGET_NAME = CardAnimateVF;
			};
			name = Release;
		};
/* End XCBuildConfiguration section */

/* Begin XCConfigurationList section */
		5717CAB71ECEC81A005DCD58 /* Build configuration list for PBXProject "CardAnimateVF" */ = {
			isa = XCConfigurationList;
			buildConfigurations = (
				5717CAE21ECEC81A005DCD58 /* Debug */,
				5717CAE31ECEC81A005DCD58 /* Release */,
			);
			defaultConfigurationIsVisible = 0;
			defaultConfigurationName = Release;
		};
		5717CAE41ECEC81A005DCD58 /* Build configuration list for PBXNativeTarget "CardAnimateVF" */ = {
			isa = XCConfigurationList;
			buildConfigurations = (
				5717CAE51ECEC81A005DCD58 /* Debug */,
				5717CAE61ECEC81A005DCD58 /* Release */,
			);
			defaultConfigurationIsVisible = 0;
		};
		5717CAE71ECEC81A005DCD58 /* Build configuration list for PBXNativeTarget "CardAnimateVFTests" */ = {
			isa = XCConfigurationList;
			buildConfigurations = (
				5717CAE81ECEC81A005DCD58 /* Debug */,
				5717CAE91ECEC81A005DCD58 /* Release */,
			);
			defaultConfigurationIsVisible = 0;
		};
		5717CAEA1ECEC81A005DCD58 /* Build configuration list for PBXNativeTarget "CardAnimateVFUITests" */ = {
			isa = XCConfigurationList;
			buildConfigurations = (
				5717CAEB1ECEC81A005DCD58 /* Debug */,
				5717CAEC1ECEC81A005DCD58 /* Release */,
			);
			defaultConfigurationIsVisible = 0;
		};
/* End XCConfigurationList section */
	};
	rootObject = 5717CAB41ECEC81A005DCD58 /* Project object */;
}
